
Microsoft Visual Studio Solution File, Format Version 12.00
# Visual Studio Version 16
VisualStudioVersion = 16.0.31321.278
MinimumVisualStudioVersion = 10.0.40219.1
Project("{FAE04EC0-301F-11D3-BF4B-00C04F79EFBC}") = "RaycastEngine", "RaycastEngine.csproj", "{3A12713B-FB5C-4711-A45C-ED1B2A531FA5}"
EndProject
Global
	GlobalSection(SolutionConfigurationPlatforms) = preSolution
		Debug|Any CPU = Debug|Any CPU
		Release|Any CPU = Release|Any CPU
	EndGlobalSection
	GlobalSection(ProjectConfigurationPlatforms) = postSolution
		{3A12713B-FB5C-4711-A45C-ED1B2A531FA5}.Debug|Any CPU.ActiveCfg = Debug|Any CPU
		{3A12713B-FB5C-4711-A45C-ED1B2A531FA5}.Debug|Any CPU.Build.0 = Debug|Any CPU
		{3A12713B-FB5C-4711-A45C-ED1B2A531FA5}.Release|Any CPU.ActiveCfg = Release|Any CPU
		{3A12713B-FB5C-4711-A45C-ED1B2A531FA5}.Release|Any CPU.Build.0 = Release|Any CPU
	EndGlobalSection
	GlobalSection(SolutionProperties) = preSolution
		HideSolutionNode = FALSE
	EndGlobalSection
	GlobalSection(ExtensibilityGlobals) = postSolution
		SolutionGuid = {B0C3A105-98A5-437B-871C-3E3D432CA03D}
	EndGlobalSection
EndGlobal
